// !$*UTF8*$!
{
	archiveVersion = 1;
	classes = {
	};
	objectVersion = 56;
	objects = {

/* Begin PBXBuildFile section */
		4412164F29ED5BC4003F4A59 /* AspectVGrid.swift in Sources */ = {isa = PBXBuildFile; fileRef = 4412164E29ED5BC4003F4A59 /* AspectVGrid.swift */; };
		4412165129ED5FA0003F4A59 /* Diamond.swift in Sources */ = {isa = PBXBuildFile; fileRef = 4412165029ED5F9F003F4A59 /* Diamond.swift */; };
		441DA5D629E9D321004A0DCA /* SetApp.swift in Sources */ = {isa = PBXBuildFile; fileRef = 441DA5D529E9D321004A0DCA /* SetApp.swift */; };
		441DA5D829E9D321004A0DCA /* SetGameView.swift in Sources */ = {isa = PBXBuildFile; fileRef = 441DA5D729E9D321004A0DCA /* SetGameView.swift */; };
		441DA5DA29E9D332004A0DCA /* Assets.xcassets in Resources */ = {isa = PBXBuildFile; fileRef = 441DA5D929E9D332004A0DCA /* Assets.xcassets */; };
		441DA5DD29E9D332004A0DCA /* Preview Assets.xcassets in Resources */ = {isa = PBXBuildFile; fileRef = 441DA5DC29E9D332004A0DCA /* Preview Assets.xcassets */; };
		441DA5E429E9D68C004A0DCA /* SetGame.swift in Sources */ = {isa = PBXBuildFile; fileRef = 441DA5E329E9D68B004A0DCA /* SetGame.swift */; };
		446BF3B229E9E3F500CB0C2B /* SetGameViewModel.swift in Sources */ = {isa = PBXBuildFile; fileRef = 446BF3B129E9E3F500CB0C2B /* SetGameViewModel.swift */; };
		446BF3B429E9E8EA00CB0C2B /* CardView.swift in Sources */ = {isa = PBXBuildFile; fileRef = 446BF3B329E9E8E900CB0C2B /* CardView.swift */; };
		44EF8CB129EE894700C0D4EF /* Squiggle.swift in Sources */ = {isa = PBXBuildFile; fileRef = 44EF8CB029EE894700C0D4EF /* Squiggle.swift */; };
		44F6FAF229F2A40800BB092E /* StripedRect.swift in Sources */ = {isa = PBXBuildFile; fileRef = 44F6FAF129F2A40800BB092E /* StripedRect.swift */; };
/* End PBXBuildFile section */

/* Begin PBXFileReference section */
		4412164E29ED5BC4003F4A59 /* AspectVGrid.swift */ = {isa = PBXFileReference; lastKnownFileType = sourcecode.swift; name = AspectVGrid.swift; path = Set/View/AspectVGrid.swift; sourceTree = SOURCE_ROOT; };
		4412165029ED5F9F003F4A59 /* Diamond.swift */ = {isa = PBXFileReference; lastKnownFileType = sourcecode.swift; path = Diamond.swift; sourceTree = "<group>"; };
		441DA5D229E9D320004A0DCA /* Set.app */ = {isa = PBXFileReference; explicitFileType = wrapper.application; includeInIndex = 0; path = Set.app; sourceTree = BUILT_PRODUCTS_DIR; };
		441DA5D529E9D321004A0DCA /* SetApp.swift */ = {isa = PBXFileReference; lastKnownFileType = sourcecode.swift; path = SetApp.swift; sourceTree = "<group>"; };
		441DA5D729E9D321004A0DCA /* SetGameView.swift */ = {isa = PBXFileReference; lastKnownFileType = sourcecode.swift; path = SetGameView.swift; sourceTree = "<group>"; };
		441DA5D929E9D332004A0DCA /* Assets.xcassets */ = {isa = PBXFileReference; lastKnownFileType = folder.assetcatalog; path = Assets.xcassets; sourceTree = "<group>"; };
		441DA5DC29E9D332004A0DCA /* Preview Assets.xcassets */ = {isa = PBXFileReference; lastKnownFileType = folder.assetcatalog; path = "Preview Assets.xcassets"; sourceTree = "<group>"; };
		441DA5E329E9D68B004A0DCA /* SetGame.swift */ = {isa = PBXFileReference; lastKnownFileType = sourcecode.swift; path = SetGame.swift; sourceTree = "<group>"; };
		446BF3B129E9E3F500CB0C2B /* SetGameViewModel.swift */ = {isa = PBXFileReference; lastKnownFileType = sourcecode.swift; path = SetGameViewModel.swift; sourceTree = "<group>"; };
		446BF3B329E9E8E900CB0C2B /* CardView.swift */ = {isa = PBXFileReference; lastKnownFileType = sourcecode.swift; path = CardView.swift; sourceTree = "<group>"; };
		44EF8CB029EE894700C0D4EF /* Squiggle.swift */ = {isa = PBXFileReference; lastKnownFileType = sourcecode.swift; path = Squiggle.swift; sourceTree = "<group>"; };
		44F6FAF129F2A40800BB092E /* StripedRect.swift */ = {isa = PBXFileReference; lastKnownFileType = sourcecode.swift; path = StripedRect.swift; sourceTree = "<group>"; };
/* End PBXFileReference section */

/* Begin PBXFrameworksBuildPhase section */
		441DA5CF29E9D320004A0DCA /* Frameworks */ = {
			isa = PBXFrameworksBuildPhase;
			buildActionMask = 2147483647;
			files = (
			);
			runOnlyForDeploymentPostprocessing = 0;
		};
/* End PBXFrameworksBuildPhase section */

/* Begin PBXGroup section */
		441DA5C929E9D31E004A0DCA = {
			isa = PBXGroup;
			children = (
				441DA5D429E9D320004A0DCA /* Set */,
				441DA5D329E9D320004A0DCA /* Products */,
			);
			sourceTree = "<group>";
		};
		441DA5D329E9D320004A0DCA /* Products */ = {
			isa = PBXGroup;
			children = (
				441DA5D229E9D320004A0DCA /* Set.app */,
			);
			name = Products;
			sourceTree = "<group>";
		};
		441DA5D429E9D320004A0DCA /* Set */ = {
			isa = PBXGroup;
			children = (
				441DA5D529E9D321004A0DCA /* SetApp.swift */,
				44F6FAF629F2EFB600BB092E /* View */,
				44F6FAF529F2EFA700BB092E /* ViewModel */,
				44F6FAF429F2EF9300BB092E /* Model */,
				441DA5DB29E9D332004A0DCA /* Preview Content */,
				441DA5D929E9D332004A0DCA /* Assets.xcassets */,
			);
			path = Set;
			sourceTree = "<group>";
		};
		441DA5DB29E9D332004A0DCA /* Preview Content */ = {
			isa = PBXGroup;
			children = (
				441DA5DC29E9D332004A0DCA /* Preview Assets.xcassets */,
			);
			path = "Preview Content";
			sourceTree = "<group>";
		};
		44F6FAF329F2C0BD00BB092E /* Shapes */ = {
			isa = PBXGroup;
			children = (
				4412165029ED5F9F003F4A59 /* Diamond.swift */,
				44EF8CB029EE894700C0D4EF /* Squiggle.swift */,
				44F6FAF129F2A40800BB092E /* StripedRect.swift */,
			);
			path = Shapes;
			sourceTree = "<group>";
		};
		44F6FAF429F2EF9300BB092E /* Model */ = {
			isa = PBXGroup;
			children = (
				441DA5E329E9D68B004A0DCA /* SetGame.swift */,
			);
			path = Model;
			sourceTree = "<group>";
		};
		44F6FAF529F2EFA700BB092E /* ViewModel */ = {
			isa = PBXGroup;
			children = (
				446BF3B129E9E3F500CB0C2B /* SetGameViewModel.swift */,
			);
			path = ViewModel;
			sourceTree = "<group>";
		};
		44F6FAF629F2EFB600BB092E /* View */ = {
			isa = PBXGroup;
			children = (
				441DA5D729E9D321004A0DCA /* SetGameView.swift */,
				446BF3B329E9E8E900CB0C2B /* CardView.swift */,
				4412164E29ED5BC4003F4A59 /* AspectVGrid.swift */,
				44F6FAF329F2C0BD00BB092E /* Shapes */,
			);
			path = View;
			sourceTree = "<group>";
		};
/* End PBXGroup section */

/* Begin PBXNativeTarget section */
		441DA5D129E9D320004A0DCA /* Set */ = {
			isa = PBXNativeTarget;
			buildConfigurationList = 441DA5E029E9D333004A0DCA /* Build configuration list for PBXNativeTarget "Set" */;
			buildPhases = (
				441DA5CE29E9D320004A0DCA /* Sources */,
				441DA5CF29E9D320004A0DCA /* Frameworks */,
				441DA5D029E9D320004A0DCA /* Resources */,
			);
			buildRules = (
			);
			dependencies = (
			);
			name = Set;
			productName = Set;
			productReference = 441DA5D229E9D320004A0DCA /* Set.app */;
			productType = "com.apple.product-type.application";
		};
/* End PBXNativeTarget section */

/* Begin PBXProject section */
		441DA5CA29E9D31F004A0DCA /* Project object */ = {
			isa = PBXProject;
			attributes = {
				BuildIndependentTargetsInParallel = 1;
				LastSwiftUpdateCheck = 1420;
				LastUpgradeCheck = 1520;
				TargetAttributes = {
					441DA5D129E9D320004A0DCA = {
						CreatedOnToolsVersion = 14.2;
					};
				};
			};
			buildConfigurationList = 441DA5CD29E9D31F004A0DCA /* Build configuration list for PBXProject "Set" */;
			compatibilityVersion = "Xcode 14.0";
			developmentRegion = en;
			hasScannedForEncodings = 0;
			knownRegions = (
				en,
				Base,
			);
			mainGroup = 441DA5C929E9D31E004A0DCA;
			productRefGroup = 441DA5D329E9D320004A0DCA /* Products */;
			projectDirPath = "";
			projectRoot = "";
			targets = (
				441DA5D129E9D320004A0DCA /* Set */,
			);
		};
/* End PBXProject section */

/* Begin PBXResourcesBuildPhase section */
		441DA5D029E9D320004A0DCA /* Resources */ = {
			isa = PBXResourcesBuildPhase;
			buildActionMask = 2147483647;
			files = (
				441DA5DD29E9D332004A0DCA /* Preview Assets.xcassets in Resources */,
				441DA5DA29E9D332004A0DCA /* Assets.xcassets in Resources */,
			);
			runOnlyForDeploymentPostprocessing = 0;
		};
/* End PBXResourcesBuildPhase section */

/* Begin PBXSourcesBuildPhase section */
		441DA5CE29E9D320004A0DCA /* Sources */ = {
			isa = PBXSourcesBuildPhase;
			buildActionMask = 2147483647;
			files = (
				441DA5D829E9D321004A0DCA /* SetGameView.swift in Sources */,
				44F6FAF229F2A40800BB092E /* StripedRect.swift in Sources */,
				441DA5E429E9D68C004A0DCA /* SetGame.swift in Sources */,
				44EF8CB129EE894700C0D4EF /* Squiggle.swift in Sources */,
				4412164F29ED5BC4003F4A59 /* AspectVGrid.swift in Sources */,
				4412165129ED5FA0003F4A59 /* Diamond.swift in Sources */,
				441DA5D629E9D321004A0DCA /* SetApp.swift in Sources */,
				446BF3B229E9E3F500CB0C2B /* SetGameViewModel.swift in Sources */,
				446BF3B429E9E8EA00CB0C2B /* CardView.swift in Sources */,
			);
			runOnlyForDeploymentPostprocessing = 0;
		};
/* End PBXSourcesBuildPhase section */

/* Begin XCBuildConfiguration section */
		441DA5DE29E9D332004A0DCA /* Debug */ = {
			isa = XCBuildConfiguration;
			buildSettings = {
				ALWAYS_SEARCH_USER_PATHS = NO;
				CLANG_ANALYZER_NONNULL = YES;
				CLANG_ANALYZER_NUMBER_OBJECT_CONVERSION = YES_AGGRESSIVE;
				CLANG_CXX_LANGUAGE_STANDARD = "gnu++20";
				CLANG_ENABLE_MODULES = YES;
				CLANG_ENABLE_OBJC_ARC = YES;
				CLANG_ENABLE_OBJC_WEAK = YES;
				CLANG_WARN_BLOCK_CAPTURE_AUTORELEASING = YES;
				CLANG_WARN_BOOL_CONVERSION = YES;
				CLANG_WARN_COMMA = YES;
				CLANG_WARN_CONSTANT_CONVERSION = YES;
				CLANG_WARN_DEPRECATED_OBJC_IMPLEMENTATIONS = YES;
				CLANG_WARN_DIRECT_OBJC_ISA_USAGE = YES_ERROR;
				CLANG_WARN_DOCUMENTATION_COMMENTS = YES;
				CLANG_WARN_EMPTY_BODY = YES;
				CLANG_WARN_ENUM_CONVERSION = YES;
				CLANG_WARN_INFINITE_RECURSION = YES;
				CLANG_WARN_INT_CONVERSION = YES;
				CLANG_WARN_NON_LITERAL_NULL_CONVERSION = YES;
				CLANG_WARN_OBJC_IMPLICIT_RETAIN_SELF = YES;
				CLANG_WARN_OBJC_LITERAL_CONVERSION = YES;
				CLANG_WARN_OBJC_ROOT_CLASS = YES_ERROR;
				CLANG_WARN_QUOTED_INCLUDE_IN_FRAMEWORK_HEADER = YES;
				CLANG_WARN_RANGE_LOOP_ANALYSIS = YES;
				CLANG_WARN_STRICT_PROTOTYPES = YES;
				CLANG_WARN_SUSPICIOUS_MOVE = YES;
				CLANG_WARN_UNGUARDED_AVAILABILITY = YES_AGGRESSIVE;
				CLANG_WARN_UNREACHABLE_CODE = YES;
				CLANG_WARN__DUPLICATE_METHOD_MATCH = YES;
				COPY_PHASE_STRIP = NO;
				DEBUG_INFORMATION_FORMAT = dwarf;
				ENABLE_STRICT_OBJC_MSGSEND = YES;
				ENABLE_TESTABILITY = YES;
				ENABLE_USER_SCRIPT_SANDBOXING = YES;
				GCC_C_LANGUAGE_STANDARD = gnu11;
				GCC_DYNAMIC_NO_PIC = NO;
				GCC_NO_COMMON_BLOCKS = YES;
				GCC_OPTIMIZATION_LEVEL = 0;
				GCC_PREPROCESSOR_DEFINITIONS = (
					"DEBUG=1",
					"$(inherited)",
				);
				GCC_WARN_64_TO_32_BIT_CONVERSION = YES;
				GCC_WARN_ABOUT_RETURN_TYPE = YES_ERROR;
				GCC_WARN_UNDECLARED_SELECTOR = YES;
				GCC_WARN_UNINITIALIZED_AUTOS = YES_AGGRESSIVE;
				GCC_WARN_UNUSED_FUNCTION = YES;
				GCC_WARN_UNUSED_VARIABLE = YES;
				IPHONEOS_DEPLOYMENT_TARGET = 16.2;
				MTL_ENABLE_DEBUG_INFO = INCLUDE_SOURCE;
				MTL_FAST_MATH = YES;
				ONLY_ACTIVE_ARCH = YES;
				SDKROOT = iphoneos;
				SWIFT_ACTIVE_COMPILATION_CONDITIONS = DEBUG;
				SWIFT_OPTIMIZATION_LEVEL = "-Onone";
			};
			name = Debug;
		};
		441DA5DF29E9D332004A0DCA /* Release */ = {
			isa = XCBuildConfiguration;
			buildSettings = {
				ALWAYS_SEARCH_USER_PATHS = NO;
				CLANG_ANALYZER_NONNULL = YES;
				CLANG_ANALYZER_NUMBER_OBJECT_CONVERSION = YES_AGGRESSIVE;
				CLANG_CXX_LANGUAGE_STANDARD = "gnu++20";
				CLANG_ENABLE_MODULES = YES;
				CLANG_ENABLE_OBJC_ARC = YES;
				CLANG_ENABLE_OBJC_WEAK = YES;
				CLANG_WARN_BLOCK_CAPTURE_AUTORELEASING = YES;
				CLANG_WARN_BOOL_CONVERSION = YES;
				CLANG_WARN_COMMA = YES;
				CLANG_WARN_CONSTANT_CONVERSION = YES;
				CLANG_WARN_DEPRECATED_OBJC_IMPLEMENTATIONS = YES;
				CLANG_WARN_DIRECT_OBJC_ISA_USAGE = YES_ERROR;
				CLANG_WARN_DOCUMENTATION_COMMENTS = YES;
				CLANG_WARN_EMPTY_BODY = YES;
				CLANG_WARN_ENUM_CONVERSION = YES;
				CLANG_WARN_INFINITE_RECURSION = YES;
				CLANG_WARN_INT_CONVERSION = YES;
				CLANG_WARN_NON_LITERAL_NULL_CONVERSION = YES;
				CLANG_WARN_OBJC_IMPLICIT_RETAIN_SELF = YES;
				CLANG_WARN_OBJC_LITERAL_CONVERSION = YES;
				CLANG_WARN_OBJC_ROOT_CLASS = YES_ERROR;
				CLANG_WARN_QUOTED_INCLUDE_IN_FRAMEWORK_HEADER = YES;
				CLANG_WARN_RANGE_LOOP_ANALYSIS = YES;
				CLANG_WARN_STRICT_PROTOTYPES = YES;
				CLANG_WARN_SUSPICIOUS_MOVE = YES;
				CLANG_WARN_UNGUARDED_AVAILABILITY = YES_AGGRESSIVE;
				CLANG_WARN_UNREACHABLE_CODE = YES;
				CLANG_WARN__DUPLICATE_METHOD_MATCH = YES;
				COPY_PHASE_STRIP = NO;
				DEBUG_INFORMATION_FORMAT = "dwarf-with-dsym";
				ENABLE_NS_ASSERTIONS = NO;
				ENABLE_STRICT_OBJC_MSGSEND = YES;
				ENABLE_USER_SCRIPT_SANDBOXING = YES;
				GCC_C_LANGUAGE_STANDARD = gnu11;
				GCC_NO_COMMON_BLOCKS = YES;
				GCC_WARN_64_TO_32_BIT_CONVERSION = YES;
				GCC_WARN_ABOUT_RETURN_TYPE = YES_ERROR;
				GCC_WARN_UNDECLARED_SELECTOR = YES;
				GCC_WARN_UNINITIALIZED_AUTOS = YES_AGGRESSIVE;
				GCC_WARN_UNUSED_FUNCTION = YES;
				GCC_WARN_UNUSED_VARIABLE = YES;
				IPHONEOS_DEPLOYMENT_TARGET = 16.2;
				MTL_ENABLE_DEBUG_INFO = NO;
				MTL_FAST_MATH = YES;
				SDKROOT = iphoneos;
				SWIFT_COMPILATION_MODE = wholemodule;
				SWIFT_OPTIMIZATION_LEVEL = "-O";
				VALIDATE_PRODUCT = YES;
			};
			name = Release;
		};
		441DA5E129E9D333004A0DCA /* Debug */ = {
			isa = XCBuildConfiguration;
			buildSettings = {
				ASSETCATALOG_COMPILER_APPICON_NAME = AppIcon;
				ASSETCATALOG_COMPILER_GLOBAL_ACCENT_COLOR_NAME = AccentColor;
				CODE_SIGN_STYLE = Automatic;
				CURRENT_PROJECT_VERSION = 1;
				DEVELOPMENT_ASSET_PATHS = "\"Set/Preview Content\"";
				DEVELOPMENT_TEAM = XU4S6U6593;
				ENABLE_PREVIEWS = YES;
				GENERATE_INFOPLIST_FILE = YES;
				INFOPLIST_KEY_UIApplicationSceneManifest_Generation = YES;
				INFOPLIST_KEY_UIApplicationSupportsIndirectInputEvents = YES;
				INFOPLIST_KEY_UILaunchScreen_Generation = YES;
				INFOPLIST_KEY_UISupportedInterfaceOrientations_iPad = "UIInterfaceOrientationPortrait UIInterfaceOrientationPortraitUpsideDown UIInterfaceOrientationLandscapeLeft UIInterfaceOrientationLandscapeRight";
				INFOPLIST_KEY_UISupportedInterfaceOrientations_iPhone = "UIInterfaceOrientationPortrait UIInterfaceOrientationLandscapeLeft UIInterfaceOrientationLandscapeRight";
				LD_RUNPATH_SEARCH_PATHS = (
					"$(inherited)",
					"@executable_path/Frameworks",
				);
				MARKETING_VERSION = 1.0;
				PRODUCT_BUNDLE_IDENTIFIER = com.alekyan.ruslan.Set;
				PRODUCT_NAME = "$(TARGET_NAME)";
				SWIFT_EMIT_LOC_STRINGS = YES;
				SWIFT_VERSION = 5.0;
				TARGETED_DEVICE_FAMILY = "1,2";
			};
			name = Debug;
		};
		441DA5E229E9D333004A0DCA /* Release */ = {
			isa = XCBuildConfiguration;
			buildSettings = {
				ASSETCATALOG_COMPILER_APPICON_NAME = AppIcon;
				ASSETCATALOG_COMPILER_GLOBAL_ACCENT_COLOR_NAME = AccentColor;
				CODE_SIGN_STYLE = Automatic;
				CURRENT_PROJECT_VERSION = 1;
				DEVELOPMENT_ASSET_PATHS = "\"Set/Preview Content\"";
				DEVELOPMENT_TEAM = XU4S6U6593;
				ENABLE_PREVIEWS = YES;
				GENERATE_INFOPLIST_FILE = YES;
				INFOPLIST_KEY_UIApplicationSceneManifest_Generation = YES;
				INFOPLIST_KEY_UIApplicationSupportsIndirectInputEvents = YES;
				INFOPLIST_KEY_UILaunchScreen_Generation = YES;
				INFOPLIST_KEY_UISupportedInterfaceOrientations_iPad = "UIInterfaceOrientationPortrait UIInterfaceOrientationPortraitUpsideDown UIInterfaceOrientationLandscapeLeft UIInterfaceOrientationLandscapeRight";
				INFOPLIST_KEY_UISupportedInterfaceOrientations_iPhone = "UIInterfaceOrientationPortrait UIInterfaceOrientationLandscapeLeft UIInterfaceOrientationLandscapeRight";
				LD_RUNPATH_SEARCH_PATHS = (
					"$(inherited)",
					"@executable_path/Frameworks",
				);
				MARKETING_VERSION = 1.0;
				PRODUCT_BUNDLE_IDENTIFIER = com.alekyan.ruslan.Set;
				PRODUCT_NAME = "$(TARGET_NAME)";
				SWIFT_EMIT_LOC_STRINGS = YES;
				SWIFT_VERSION = 5.0;
				TARGETED_DEVICE_FAMILY = "1,2";
			};
			name = Release;
		};
/* End XCBuildConfiguration section */

/* Begin XCConfigurationList section */
		441DA5CD29E9D31F004A0DCA /* Build configuration list for PBXProject "Set" */ = {
			isa = XCConfigurationList;
			buildConfigurations = (
				441DA5DE29E9D332004A0DCA /* Debug */,
				441DA5DF29E9D332004A0DCA /* Release */,
			);
			defaultConfigurationIsVisible = 0;
			defaultConfigurationName = Release;
		};
		441DA5E029E9D333004A0DCA /* Build configuration list for PBXNativeTarget "Set" */ = {
			isa = XCConfigurationList;
			buildConfigurations = (
				441DA5E129E9D333004A0DCA /* Debug */,
				441DA5E229E9D333004A0DCA /* Release */,
			);
			defaultConfigurationIsVisible = 0;
			defaultConfigurationName = Release;
		};
/* End XCConfigurationList section */
	};
	rootObject = 441DA5CA29E9D31F004A0DCA /* Project object */;
}
